
Microsoft Visual Studio Solution File, Format Version 12.00
# Visual Studio 15
VisualStudioVersion = 15.0.28010.2036
MinimumVisualStudioVersion = 10.0.40219.1
Project("{FAE04EC0-301F-11D3-BF4B-00C04F79EFBC}") = "FirstMvcApp", "FirstMvcApp\FirstMvcApp.csproj", "{F15E416D-587A-4654-BCB6-1D617E2451F5}"
EndProject
Global
	GlobalSection(SolutionConfigurationPlatforms) = preSolution
		Debug|Any CPU = Debug|Any CPU
		Release|Any CPU = Release|Any CPU
	EndGlobalSection
	GlobalSection(ProjectConfigurationPlatforms) = postSolution
		{F15E416D-587A-4654-BCB6-1D617E2451F5}.Debug|Any CPU.ActiveCfg = Debug|Any CPU
		{F15E416D-587A-4654-BCB6-1D617E2451F5}.Debug|Any CPU.Build.0 = Debug|Any CPU
		{F15E416D-587A-4654-BCB6-1D617E2451F5}.Release|Any CPU.ActiveCfg = Release|Any CPU
		{F15E416D-587A-4654-BCB6-1D617E2451F5}.Release|Any CPU.Build.0 = Release|Any CPU
	EndGlobalSection
	GlobalSection(SolutionProperties) = preSolution
		HideSolutionNode = FALSE
	EndGlobalSection
	GlobalSection(ExtensibilityGlobals) = postSolution
		SolutionGuid = {F25600F7-BC14-4E12-8D62-FBEEF563176E}
	EndGlobalSection
EndGlobal
